{
  "name": "sd-ex1",
  "version": "1.0.0",
  "lockfileVersion": 1,
  "requires": true,
  "dependencies": {
    "bindings": {
      "version": "1.3.0",
      "resolved": "https://registry.npmjs.org/bindings/-/bindings-1.3.0.tgz",
      "integrity": "sha512-DpLh5EzMR2kzvX1KIlVC0VkC3iZtHKTgdtZ0a3pglBZdaQFjt5S9g9xd1lE+YvXyfd6mtCeRnrUfOLYiTMlNSw=="
    },
    "esm": {
      "version": "3.0.79",
      "resolved": "https://registry.npmjs.org/esm/-/esm-3.0.79.tgz",
      "integrity": "sha512-RI8byxERcOaokJd9gP+YhU8ct1kN7MkTmrX/wNDtizrPiURRpmk8Y8Kwvtq2ZKaE+J+3jmhbyIVsFHxApDcNAg==",
      "dev": true
    },
    "nan": {
      "version": "2.10.0",
      "resolved": "https://registry.npmjs.org/nan/-/nan-2.10.0.tgz",
      "integrity": "sha512-bAdJv7fBLhWC+/Bls0Oza+mvTaNQtP+1RyhhhvD95pgUJz6XM5IzgmxOkItJ9tkoCiplvAnXI1tNmmUD/eScyA=="
    },
    "webworker-threads": {
      "version": "0.7.16",
      "resolved": "https://registry.npmjs.org/webworker-threads/-/webworker-threads-0.7.16.tgz",
      "integrity": "sha512-JE+gu6JcgCXj/MLU3VORnloubDif3mn0GJ2+7CFRo5NQa5wmisVI2SLUZMRWcATixnXQ5dKnSdrpRnFVkiTydw==",
      "requires": {
        "bindings": "1.3.0",
        "nan": "2.10.0"
      }
    }
  }
}
